dependencies:
- name: streamprocessor-nyomio-protocol
  repository: file://../../nyomio-protocol/helm
  version: 0.0.1
- name: streamprocessor-elastic
  repository: file://../../elastic/helm
  version: 0.0.1
- name: streamprocessor-logstash
  repository: file://../../logstash/helm
  version: 0.0.1
- name: streamprocessor-zookeeper
  repository: file://../../zookeeper/helm
  version: 0.0.1
- name: streamprocessor-kafka
  repository: file://../../kafka/helm
  version: 0.0.1
- name: streamprocessor-flink-pipeline
  repository: file://../../flink-pipeline/helm
  version: 0.0.1
- name: streamprocessor-dummy-companyapi-impl
  repository: file://../../dummy-companyapi-impl/helm
  version: 0.0.1
- name: streamprocessor-dummy-devicemanagerapi-impl
  repository: file://../../dummy-devicemanagerapi-impl/helm
  version: 0.0.1
digest: sha256:93e9a7d88783dcfc75e6cdca9eaddf9e4b4fbd2dbb4389747f60d8ff4508ae39
generated: "2020-01-13T14:28:00.902682624+01:00"
