dependencies:
- name: streamprocessor-nyomio-protocol
  repository: file://../../nyomio-protocol/helm
  version: 0.0.1
- name: streamprocessor-elastic
  repository: file://../../elastic/helm
  version: 0.0.1
- name: streamprocessor-logstash
  repository: file://../../logstash/helm
  version: 0.0.1
- name: streamprocessor-zookeeper
  repository: file://../../zookeeper/helm
  version: 0.0.1
- name: streamprocessor-kafka
  repository: file://../../kafka/helm
  version: 0.0.1
- name: streamprocessor-flink-pipeline
  repository: file://../../flink-pipeline/helm
  version: 0.0.1
- name: streamprocessor-dummy-companyapi-impl
  repository: file://../../dummy-companyapi-impl/helm
  version: 0.0.1
- name: streamprocessor-dummy-devicemanagerapi-impl
  repository: file://../../dummy-devicemanagerapi-impl/helm
  version: 0.0.1
digest: sha256:c11f05cb433222d51c4fbc4e5e2d702168774e06f5a0130306607c3741cf244f
generated: "2019-12-19T16:52:09.246191697+01:00"
